// !$*UTF8*$!
{
	archiveVersion = 1;
	classes = {
	};
	objectVersion = 56;
	objects = {

/* Begin PBXBuildFile section */
		C786AC7E291ED79800301285 /* Toaster in Frameworks */ = {isa = PBXBuildFile; productRef = C786AC7D291ED79800301285 /* Toaster */; };
		C7C6B343291F1ED8002AB1FC /* README.md in Resources */ = {isa = PBXBuildFile; fileRef = C7C6B342291F1ED8002AB1FC /* README.md */; };
		C7F00B2A291D0BA50037CF1F /* AppDelegate.swift in Sources */ = {isa = PBXBuildFile; fileRef = C7F00B29291D0BA50037CF1F /* AppDelegate.swift */; };
		C7F00B2E291D0BA50037CF1F /* DemoViewController.swift in Sources */ = {isa = PBXBuildFile; fileRef = C7F00B2D291D0BA50037CF1F /* DemoViewController.swift */; };
		C7F00B33291D0BA60037CF1F /* Assets.xcassets in Resources */ = {isa = PBXBuildFile; fileRef = C7F00B32291D0BA60037CF1F /* Assets.xcassets */; };
		C7F00B36291D0BA60037CF1F /* LaunchScreen.storyboard in Resources */ = {isa = PBXBuildFile; fileRef = C7F00B34291D0BA60037CF1F /* LaunchScreen.storyboard */; };
/* End PBXBuildFile section */

/* Begin PBXContainerItemProxy section */
		C7F00B3D291D0BA60037CF1F /* PBXContainerItemProxy */ = {
			isa = PBXContainerItemProxy;
			containerPortal = C7F00B1E291D0BA50037CF1F /* Project object */;
			proxyType = 1;
			remoteGlobalIDString = C7F00B25291D0BA50037CF1F;
			remoteInfo = Toast;
		};
		C7F00B47291D0BA60037CF1F /* PBXContainerItemProxy */ = {
			isa = PBXContainerItemProxy;
			containerPortal = C7F00B1E291D0BA50037CF1F /* Project object */;
			proxyType = 1;
			remoteGlobalIDString = C7F00B25291D0BA50037CF1F;
			remoteInfo = Toast;
		};
/* End PBXContainerItemProxy section */

/* Begin PBXFileReference section */
		C786AC7B291ED73D00301285 /* Toaster */ = {isa = PBXFileReference; lastKnownFileType = wrapper; name = Toaster; path = Packages/Toaster; sourceTree = "<group>"; };
		C7C6B342291F1ED8002AB1FC /* README.md */ = {isa = PBXFileReference; fileEncoding = 4; lastKnownFileType = net.daringfireball.markdown; path = README.md; sourceTree = "<group>"; };
		C7F00B26291D0BA50037CF1F /* Toast.app */ = {isa = PBXFileReference; explicitFileType = wrapper.application; includeInIndex = 0; path = Toast.app; sourceTree = BUILT_PRODUCTS_DIR; };
		C7F00B29291D0BA50037CF1F /* AppDelegate.swift */ = {isa = PBXFileReference; lastKnownFileType = sourcecode.swift; path = AppDelegate.swift; sourceTree = "<group>"; };
		C7F00B2D291D0BA50037CF1F /* DemoViewController.swift */ = {isa = PBXFileReference; lastKnownFileType = sourcecode.swift; path = DemoViewController.swift; sourceTree = "<group>"; };
		C7F00B32291D0BA60037CF1F /* Assets.xcassets */ = {isa = PBXFileReference; lastKnownFileType = folder.assetcatalog; path = Assets.xcassets; sourceTree = "<group>"; };
		C7F00B35291D0BA60037CF1F /* Base */ = {isa = PBXFileReference; lastKnownFileType = file.storyboard; name = Base; path = Base.lproj/LaunchScreen.storyboard; sourceTree = "<group>"; };
		C7F00B37291D0BA60037CF1F /* Info.plist */ = {isa = PBXFileReference; lastKnownFileType = text.plist.xml; path = Info.plist; sourceTree = "<group>"; };
		C7F00B3C291D0BA60037CF1F /* ToastTests.xctest */ = {isa = PBXFileReference; explicitFileType = wrapper.cfbundle; includeInIndex = 0; path = ToastTests.xctest; sourceTree = BUILT_PRODUCTS_DIR; };
		C7F00B46291D0BA60037CF1F /* ToastUITests.xctest */ = {isa = PBXFileReference; explicitFileType = wrapper.cfbundle; includeInIndex = 0; path = ToastUITests.xctest; sourceTree = BUILT_PRODUCTS_DIR; };
/* End PBXFileReference section */

/* Begin PBXFrameworksBuildPhase section */
		C7F00B23291D0BA50037CF1F /* Frameworks */ = {
			isa = PBXFrameworksBuildPhase;
			buildActionMask = 2147483647;
			files = (
				C786AC7E291ED79800301285 /* Toaster in Frameworks */,
			);
			runOnlyForDeploymentPostprocessing = 0;
		};
		C7F00B39291D0BA60037CF1F /* Frameworks */ = {
			isa = PBXFrameworksBuildPhase;
			buildActionMask = 2147483647;
			files = (
			);
			runOnlyForDeploymentPostprocessing = 0;
		};
		C7F00B43291D0BA60037CF1F /* Frameworks */ = {
			isa = PBXFrameworksBuildPhase;
			buildActionMask = 2147483647;
			files = (
			);
			runOnlyForDeploymentPostprocessing = 0;
		};
/* End PBXFrameworksBuildPhase section */

/* Begin PBXGroup section */
		C786AC7A291ED73D00301285 /* Packages */ = {
			isa = PBXGroup;
			children = (
				C786AC7B291ED73D00301285 /* Toaster */,
			);
			name = Packages;
			sourceTree = "<group>";
		};
		C786AC7C291ED79800301285 /* Frameworks */ = {
			isa = PBXGroup;
			children = (
			);
			name = Frameworks;
			sourceTree = "<group>";
		};
		C7F00B1D291D0BA50037CF1F = {
			isa = PBXGroup;
			children = (
				C7C6B342291F1ED8002AB1FC /* README.md */,
				C786AC7A291ED73D00301285 /* Packages */,
				C7F00B28291D0BA50037CF1F /* Toast */,
				C7F00B27291D0BA50037CF1F /* Products */,
				C786AC7C291ED79800301285 /* Frameworks */,
			);
			sourceTree = "<group>";
		};
		C7F00B27291D0BA50037CF1F /* Products */ = {
			isa = PBXGroup;
			children = (
				C7F00B26291D0BA50037CF1F /* Toast.app */,
				C7F00B3C291D0BA60037CF1F /* ToastTests.xctest */,
				C7F00B46291D0BA60037CF1F /* ToastUITests.xctest */,
			);
			name = Products;
			sourceTree = "<group>";
		};
		C7F00B28291D0BA50037CF1F /* Toast */ = {
			isa = PBXGroup;
			children = (
				C7F00B29291D0BA50037CF1F /* AppDelegate.swift */,
				C7F00B2D291D0BA50037CF1F /* DemoViewController.swift */,
				C7F00B32291D0BA60037CF1F /* Assets.xcassets */,
				C7F00B34291D0BA60037CF1F /* LaunchScreen.storyboard */,
				C7F00B37291D0BA60037CF1F /* Info.plist */,
			);
			path = Toast;
			sourceTree = "<group>";
		};
/* End PBXGroup section */

/* Begin PBXNativeTarget section */
		C7F00B25291D0BA50037CF1F /* Toast */ = {
			isa = PBXNativeTarget;
			buildConfigurationList = C7F00B50291D0BA60037CF1F /* Build configuration list for PBXNativeTarget "Toast" */;
			buildPhases = (
				C7F00B22291D0BA50037CF1F /* Sources */,
				C7F00B23291D0BA50037CF1F /* Frameworks */,
				C7F00B24291D0BA50037CF1F /* Resources */,
			);
			buildRules = (
			);
			dependencies = (
			);
			name = Toast;
			packageProductDependencies = (
				C786AC7D291ED79800301285 /* Toaster */,
			);
			productName = Toast;
			productReference = C7F00B26291D0BA50037CF1F /* Toast.app */;
			productType = "com.apple.product-type.application";
		};
		C7F00B3B291D0BA60037CF1F /* ToastTests */ = {
			isa = PBXNativeTarget;
			buildConfigurationList = C7F00B53291D0BA60037CF1F /* Build configuration list for PBXNativeTarget "ToastTests" */;
			buildPhases = (
				C7F00B38291D0BA60037CF1F /* Sources */,
				C7F00B39291D0BA60037CF1F /* Frameworks */,
				C7F00B3A291D0BA60037CF1F /* Resources */,
			);
			buildRules = (
			);
			dependencies = (
				C7F00B3E291D0BA60037CF1F /* PBXTargetDependency */,
			);
			name = ToastTests;
			productName = ToastTests;
			productReference = C7F00B3C291D0BA60037CF1F /* ToastTests.xctest */;
			productType = "com.apple.product-type.bundle.unit-test";
		};
		C7F00B45291D0BA60037CF1F /* ToastUITests */ = {
			isa = PBXNativeTarget;
			buildConfigurationList = C7F00B56291D0BA60037CF1F /* Build configuration list for PBXNativeTarget "ToastUITests" */;
			buildPhases = (
				C7F00B42291D0BA60037CF1F /* Sources */,
				C7F00B43291D0BA60037CF1F /* Frameworks */,
				C7F00B44291D0BA60037CF1F /* Resources */,
			);
			buildRules = (
			);
			dependencies = (
				C7F00B48291D0BA60037CF1F /* PBXTargetDependency */,
			);
			name = ToastUITests;
			productName = ToastUITests;
			productReference = C7F00B46291D0BA60037CF1F /* ToastUITests.xctest */;
			productType = "com.apple.product-type.bundle.ui-testing";
		};
/* End PBXNativeTarget section */

/* Begin PBXProject section */
		C7F00B1E291D0BA50037CF1F /* Project object */ = {
			isa = PBXProject;
			attributes = {
				BuildIndependentTargetsInParallel = 1;
				LastSwiftUpdateCheck = 1410;
				LastUpgradeCheck = 1410;
				TargetAttributes = {
					C7F00B25291D0BA50037CF1F = {
						CreatedOnToolsVersion = 14.1;
					};
					C7F00B3B291D0BA60037CF1F = {
						CreatedOnToolsVersion = 14.1;
						TestTargetID = C7F00B25291D0BA50037CF1F;
					};
					C7F00B45291D0BA60037CF1F = {
						CreatedOnToolsVersion = 14.1;
						TestTargetID = C7F00B25291D0BA50037CF1F;
					};
				};
			};
			buildConfigurationList = C7F00B21291D0BA50037CF1F /* Build configuration list for PBXProject "Toast" */;
			compatibilityVersion = "Xcode 14.0";
			developmentRegion = en;
			hasScannedForEncodings = 0;
			knownRegions = (
				en,
				Base,
			);
			mainGroup = C7F00B1D291D0BA50037CF1F;
			productRefGroup = C7F00B27291D0BA50037CF1F /* Products */;
			projectDirPath = "";
			projectRoot = "";
			targets = (
				C7F00B25291D0BA50037CF1F /* Toast */,
				C7F00B3B291D0BA60037CF1F /* ToastTests */,
				C7F00B45291D0BA60037CF1F /* ToastUITests */,
			);
		};
/* End PBXProject section */

/* Begin PBXResourcesBuildPhase section */
		C7F00B24291D0BA50037CF1F /* Resources */ = {
			isa = PBXResourcesBuildPhase;
			buildActionMask = 2147483647;
			files = (
				C7C6B343291F1ED8002AB1FC /* README.md in Resources */,
				C7F00B36291D0BA60037CF1F /* LaunchScreen.storyboard in Resources */,
				C7F00B33291D0BA60037CF1F /* Assets.xcassets in Resources */,
			);
			runOnlyForDeploymentPostprocessing = 0;
		};
		C7F00B3A291D0BA60037CF1F /* Resources */ = {
			isa = PBXResourcesBuildPhase;
			buildActionMask = 2147483647;
			files = (
			);
			runOnlyForDeploymentPostprocessing = 0;
		};
		C7F00B44291D0BA60037CF1F /* Resources */ = {
			isa = PBXResourcesBuildPhase;
			buildActionMask = 2147483647;
			files = (
			);
			runOnlyForDeploymentPostprocessing = 0;
		};
/* End PBXResourcesBuildPhase section */

/* Begin PBXSourcesBuildPhase section */
		C7F00B22291D0BA50037CF1F /* Sources */ = {
			isa = PBXSourcesBuildPhase;
			buildActionMask = 2147483647;
			files = (
				C7F00B2E291D0BA50037CF1F /* DemoViewController.swift in Sources */,
				C7F00B2A291D0BA50037CF1F /* AppDelegate.swift in Sources */,
			);
			runOnlyForDeploymentPostprocessing = 0;
		};
		C7F00B38291D0BA60037CF1F /* Sources */ = {
			isa = PBXSourcesBuildPhase;
			buildActionMask = 2147483647;
			files = (
			);
			runOnlyForDeploymentPostprocessing = 0;
		};
		C7F00B42291D0BA60037CF1F /* Sources */ = {
			isa = PBXSourcesBuildPhase;
			buildActionMask = 2147483647;
			files = (
			);
			runOnlyForDeploymentPostprocessing = 0;
		};
/* End PBXSourcesBuildPhase section */

/* Begin PBXTargetDependency section */
		C7F00B3E291D0BA60037CF1F /* PBXTargetDependency */ = {
			isa = PBXTargetDependency;
			target = C7F00B25291D0BA50037CF1F /* Toast */;
			targetProxy = C7F00B3D291D0BA60037CF1F /* PBXContainerItemProxy */;
		};
		C7F00B48291D0BA60037CF1F /* PBXTargetDependency */ = {
			isa = PBXTargetDependency;
			target = C7F00B25291D0BA50037CF1F /* Toast */;
			targetProxy = C7F00B47291D0BA60037CF1F /* PBXContainerItemProxy */;
		};
/* End PBXTargetDependency section */

/* Begin PBXVariantGroup section */
		C7F00B34291D0BA60037CF1F /* LaunchScreen.storyboard */ = {
			isa = PBXVariantGroup;
			children = (
				C7F00B35291D0BA60037CF1F /* Base */,
			);
			name = LaunchScreen.storyboard;
			sourceTree = "<group>";
		};
/* End PBXVariantGroup section */

/* Begin XCBuildConfiguration section */
		C7F00B4E291D0BA60037CF1F /* Debug */ = {
			isa = XCBuildConfiguration;
			buildSettings = {
				ALWAYS_SEARCH_USER_PATHS = NO;
				CLANG_ANALYZER_NONNULL = YES;
				CLANG_ANALYZER_NUMBER_OBJECT_CONVERSION = YES_AGGRESSIVE;
				CLANG_CXX_LANGUAGE_STANDARD = "gnu++20";
				CLANG_ENABLE_MODULES = YES;
				CLANG_ENABLE_OBJC_ARC = YES;
				CLANG_ENABLE_OBJC_WEAK = YES;
				CLANG_WARN_BLOCK_CAPTURE_AUTORELEASING = YES;
				CLANG_WARN_BOOL_CONVERSION = YES;
				CLANG_WARN_COMMA = YES;
				CLANG_WARN_CONSTANT_CONVERSION = YES;
				CLANG_WARN_DEPRECATED_OBJC_IMPLEMENTATIONS = YES;
				CLANG_WARN_DIRECT_OBJC_ISA_USAGE = YES_ERROR;
				CLANG_WARN_DOCUMENTATION_COMMENTS = YES;
				CLANG_WARN_EMPTY_BODY = YES;
				CLANG_WARN_ENUM_CONVERSION = YES;
				CLANG_WARN_INFINITE_RECURSION = YES;
				CLANG_WARN_INT_CONVERSION = YES;
				CLANG_WARN_NON_LITERAL_NULL_CONVERSION = YES;
				CLANG_WARN_OBJC_IMPLICIT_RETAIN_SELF = YES;
				CLANG_WARN_OBJC_LITERAL_CONVERSION = YES;
				CLANG_WARN_OBJC_ROOT_CLASS = YES_ERROR;
				CLANG_WARN_QUOTED_INCLUDE_IN_FRAMEWORK_HEADER = YES;
				CLANG_WARN_RANGE_LOOP_ANALYSIS = YES;
				CLANG_WARN_STRICT_PROTOTYPES = YES;
				CLANG_WARN_SUSPICIOUS_MOVE = YES;
				CLANG_WARN_UNGUARDED_AVAILABILITY = YES_AGGRESSIVE;
				CLANG_WARN_UNREACHABLE_CODE = YES;
				CLANG_WARN__DUPLICATE_METHOD_MATCH = YES;
				COPY_PHASE_STRIP = NO;
				DEBUG_INFORMATION_FORMAT = dwarf;
				ENABLE_STRICT_OBJC_MSGSEND = YES;
				ENABLE_TESTABILITY = YES;
				GCC_C_LANGUAGE_STANDARD = gnu11;
				GCC_DYNAMIC_NO_PIC = NO;
				GCC_NO_COMMON_BLOCKS = YES;
				GCC_OPTIMIZATION_LEVEL = 0;
				GCC_PREPROCESSOR_DEFINITIONS = (
					"DEBUG=1",
					"$(inherited)",
				);
				GCC_WARN_64_TO_32_BIT_CONVERSION = YES;
				GCC_WARN_ABOUT_RETURN_TYPE = YES_ERROR;
				GCC_WARN_UNDECLARED_SELECTOR = YES;
				GCC_WARN_UNINITIALIZED_AUTOS = YES_AGGRESSIVE;
				GCC_WARN_UNUSED_FUNCTION = YES;
				GCC_WARN_UNUSED_VARIABLE = YES;
				IPHONEOS_DEPLOYMENT_TARGET = 16.1;
				MTL_ENABLE_DEBUG_INFO = INCLUDE_SOURCE;
				MTL_FAST_MATH = YES;
				ONLY_ACTIVE_ARCH = YES;
				SDKROOT = iphoneos;
				SWIFT_ACTIVE_COMPILATION_CONDITIONS = DEBUG;
				SWIFT_OPTIMIZATION_LEVEL = "-Onone";
			};
			name = Debug;
		};
		C7F00B4F291D0BA60037CF1F /* Release */ = {
			isa = XCBuildConfiguration;
			buildSettings = {
				ALWAYS_SEARCH_USER_PATHS = NO;
				CLANG_ANALYZER_NONNULL = YES;
				CLANG_ANALYZER_NUMBER_OBJECT_CONVERSION = YES_AGGRESSIVE;
				CLANG_CXX_LANGUAGE_STANDARD = "gnu++20";
				CLANG_ENABLE_MODULES = YES;
				CLANG_ENABLE_OBJC_ARC = YES;
				CLANG_ENABLE_OBJC_WEAK = YES;
				CLANG_WARN_BLOCK_CAPTURE_AUTORELEASING = YES;
				CLANG_WARN_BOOL_CONVERSION = YES;
				CLANG_WARN_COMMA = YES;
				CLANG_WARN_CONSTANT_CONVERSION = YES;
				CLANG_WARN_DEPRECATED_OBJC_IMPLEMENTATIONS = YES;
				CLANG_WARN_DIRECT_OBJC_ISA_USAGE = YES_ERROR;
				CLANG_WARN_DOCUMENTATION_COMMENTS = YES;
				CLANG_WARN_EMPTY_BODY = YES;
				CLANG_WARN_ENUM_CONVERSION = YES;
				CLANG_WARN_INFINITE_RECURSION = YES;
				CLANG_WARN_INT_CONVERSION = YES;
				CLANG_WARN_NON_LITERAL_NULL_CONVERSION = YES;
				CLANG_WARN_OBJC_IMPLICIT_RETAIN_SELF = YES;
				CLANG_WARN_OBJC_LITERAL_CONVERSION = YES;
				CLANG_WARN_OBJC_ROOT_CLASS = YES_ERROR;
				CLANG_WARN_QUOTED_INCLUDE_IN_FRAMEWORK_HEADER = YES;
				CLANG_WARN_RANGE_LOOP_ANALYSIS = YES;
				CLANG_WARN_STRICT_PROTOTYPES = YES;
				CLANG_WARN_SUSPICIOUS_MOVE = YES;
				CLANG_WARN_UNGUARDED_AVAILABILITY = YES_AGGRESSIVE;
				CLANG_WARN_UNREACHABLE_CODE = YES;
				CLANG_WARN__DUPLICATE_METHOD_MATCH = YES;
				COPY_PHASE_STRIP = NO;
				DEBUG_INFORMATION_FORMAT = "dwarf-with-dsym";
				ENABLE_NS_ASSERTIONS = NO;
				ENABLE_STRICT_OBJC_MSGSEND = YES;
				GCC_C_LANGUAGE_STANDARD = gnu11;
				GCC_NO_COMMON_BLOCKS = YES;
				GCC_WARN_64_TO_32_BIT_CONVERSION = YES;
				GCC_WARN_ABOUT_RETURN_TYPE = YES_ERROR;
				GCC_WARN_UNDECLARED_SELECTOR = YES;
				GCC_WARN_UNINITIALIZED_AUTOS = YES_AGGRESSIVE;
				GCC_WARN_UNUSED_FUNCTION = YES;
				GCC_WARN_UNUSED_VARIABLE = YES;
				IPHONEOS_DEPLOYMENT_TARGET = 16.1;
				MTL_ENABLE_DEBUG_INFO = NO;
				MTL_FAST_MATH = YES;
				SDKROOT = iphoneos;
				SWIFT_COMPILATION_MODE = wholemodule;
				SWIFT_OPTIMIZATION_LEVEL = "-O";
				VALIDATE_PRODUCT = YES;
			};
			name = Release;
		};
		C7F00B51291D0BA60037CF1F /* Debug */ = {
			isa = XCBuildConfiguration;
			buildSettings = {
				ASSETCATALOG_COMPILER_APPICON_NAME = AppIcon;
				ASSETCATALOG_COMPILER_GLOBAL_ACCENT_COLOR_NAME = AccentColor;
				CODE_SIGN_STYLE = Automatic;
				CURRENT_PROJECT_VERSION = 1;
				DEVELOPMENT_TEAM = 83W6Q7933V;
				GENERATE_INFOPLIST_FILE = YES;
				INFOPLIST_FILE = Toast/Info.plist;
				INFOPLIST_KEY_UIApplicationSupportsIndirectInputEvents = YES;
				INFOPLIST_KEY_UILaunchStoryboardName = LaunchScreen;
				INFOPLIST_KEY_UISupportedInterfaceOrientations_iPad = "UIInterfaceOrientationPortrait UIInterfaceOrientationPortraitUpsideDown UIInterfaceOrientationLandscapeLeft UIInterfaceOrientationLandscapeRight";
				INFOPLIST_KEY_UISupportedInterfaceOrientations_iPhone = "UIInterfaceOrientationPortrait UIInterfaceOrientationLandscapeLeft UIInterfaceOrientationLandscapeRight";
				IPHONEOS_DEPLOYMENT_TARGET = 16.0;
				LD_RUNPATH_SEARCH_PATHS = (
					"$(inherited)",
					"@executable_path/Frameworks",
				);
				MARKETING_VERSION = 1.0;
				PRODUCT_BUNDLE_IDENTIFIER = doordash.Toast;
				PRODUCT_NAME = "$(TARGET_NAME)";
				SUPPORTED_PLATFORMS = "iphoneos iphonesimulator";
				SUPPORTS_MACCATALYST = NO;
				SUPPORTS_MAC_DESIGNED_FOR_IPHONE_IPAD = NO;
				SWIFT_EMIT_LOC_STRINGS = YES;
				SWIFT_VERSION = 5.0;
				TARGETED_DEVICE_FAMILY = 1;
			};
			name = Debug;
		};
		C7F00B52291D0BA60037CF1F /* Release */ = {
			isa = XCBuildConfiguration;
			buildSettings = {
				ASSETCATALOG_COMPILER_APPICON_NAME = AppIcon;
				ASSETCATALOG_COMPILER_GLOBAL_ACCENT_COLOR_NAME = AccentColor;
				CODE_SIGN_STYLE = Automatic;
				CURRENT_PROJECT_VERSION = 1;
				DEVELOPMENT_TEAM = 83W6Q7933V;
				GENERATE_INFOPLIST_FILE = YES;
				INFOPLIST_FILE = Toast/Info.plist;
				INFOPLIST_KEY_UIApplicationSupportsIndirectInputEvents = YES;
				INFOPLIST_KEY_UILaunchStoryboardName = LaunchScreen;
				INFOPLIST_KEY_UISupportedInterfaceOrientations_iPad = "UIInterfaceOrientationPortrait UIInterfaceOrientationPortraitUpsideDown UIInterfaceOrientationLandscapeLeft UIInterfaceOrientationLandscapeRight";
				INFOPLIST_KEY_UISupportedInterfaceOrientations_iPhone = "UIInterfaceOrientationPortrait UIInterfaceOrientationLandscapeLeft UIInterfaceOrientationLandscapeRight";
				IPHONEOS_DEPLOYMENT_TARGET = 16.0;
				LD_RUNPATH_SEARCH_PATHS = (
					"$(inherited)",
					"@executable_path/Frameworks",
				);
				MARKETING_VERSION = 1.0;
				PRODUCT_BUNDLE_IDENTIFIER = doordash.Toast;
				PRODUCT_NAME = "$(TARGET_NAME)";
				SUPPORTED_PLATFORMS = "iphoneos iphonesimulator";
				SUPPORTS_MACCATALYST = NO;
				SUPPORTS_MAC_DESIGNED_FOR_IPHONE_IPAD = NO;
				SWIFT_EMIT_LOC_STRINGS = YES;
				SWIFT_VERSION = 5.0;
				TARGETED_DEVICE_FAMILY = 1;
			};
			name = Release;
		};
		C7F00B54291D0BA60037CF1F /* Debug */ = {
			isa = XCBuildConfiguration;
			buildSettings = {
				ALWAYS_EMBED_SWIFT_STANDARD_LIBRARIES = YES;
				BUNDLE_LOADER = "$(TEST_HOST)";
				CODE_SIGN_STYLE = Automatic;
				CURRENT_PROJECT_VERSION = 1;
				DEVELOPMENT_TEAM = 2K5VZY2Y8Q;
				GENERATE_INFOPLIST_FILE = YES;
				IPHONEOS_DEPLOYMENT_TARGET = 16.1;
				MARKETING_VERSION = 1.0;
				PRODUCT_BUNDLE_IDENTIFIER = doordash.ToastTests;
				PRODUCT_NAME = "$(TARGET_NAME)";
				SWIFT_EMIT_LOC_STRINGS = NO;
				SWIFT_VERSION = 5.0;
				TARGETED_DEVICE_FAMILY = "1,2";
				TEST_HOST = "$(BUILT_PRODUCTS_DIR)/Toast.app/$(BUNDLE_EXECUTABLE_FOLDER_PATH)/Toast";
			};
			name = Debug;
		};
		C7F00B55291D0BA60037CF1F /* Release */ = {
			isa = XCBuildConfiguration;
			buildSettings = {
				ALWAYS_EMBED_SWIFT_STANDARD_LIBRARIES = YES;
				BUNDLE_LOADER = "$(TEST_HOST)";
				CODE_SIGN_STYLE = Automatic;
				CURRENT_PROJECT_VERSION = 1;
				DEVELOPMENT_TEAM = 2K5VZY2Y8Q;
				GENERATE_INFOPLIST_FILE = YES;
				IPHONEOS_DEPLOYMENT_TARGET = 16.1;
				MARKETING_VERSION = 1.0;
				PRODUCT_BUNDLE_IDENTIFIER = doordash.ToastTests;
				PRODUCT_NAME = "$(TARGET_NAME)";
				SWIFT_EMIT_LOC_STRINGS = NO;
				SWIFT_VERSION = 5.0;
				TARGETED_DEVICE_FAMILY = "1,2";
				TEST_HOST = "$(BUILT_PRODUCTS_DIR)/Toast.app/$(BUNDLE_EXECUTABLE_FOLDER_PATH)/Toast";
			};
			name = Release;
		};
		C7F00B57291D0BA60037CF1F /* Debug */ = {
			isa = XCBuildConfiguration;
			buildSettings = {
				ALWAYS_EMBED_SWIFT_STANDARD_LIBRARIES = YES;
				CODE_SIGN_STYLE = Automatic;
				CURRENT_PROJECT_VERSION = 1;
				DEVELOPMENT_TEAM = 2K5VZY2Y8Q;
				GENERATE_INFOPLIST_FILE = YES;
				MARKETING_VERSION = 1.0;
				PRODUCT_BUNDLE_IDENTIFIER = doordash.ToastUITests;
				PRODUCT_NAME = "$(TARGET_NAME)";
				SWIFT_EMIT_LOC_STRINGS = NO;
				SWIFT_VERSION = 5.0;
				TARGETED_DEVICE_FAMILY = "1,2";
				TEST_TARGET_NAME = Toast;
			};
			name = Debug;
		};
		C7F00B58291D0BA60037CF1F /* Release */ = {
			isa = XCBuildConfiguration;
			buildSettings = {
				ALWAYS_EMBED_SWIFT_STANDARD_LIBRARIES = YES;
				CODE_SIGN_STYLE = Automatic;
				CURRENT_PROJECT_VERSION = 1;
				DEVELOPMENT_TEAM = 2K5VZY2Y8Q;
				GENERATE_INFOPLIST_FILE = YES;
				MARKETING_VERSION = 1.0;
				PRODUCT_BUNDLE_IDENTIFIER = doordash.ToastUITests;
				PRODUCT_NAME = "$(TARGET_NAME)";
				SWIFT_EMIT_LOC_STRINGS = NO;
				SWIFT_VERSION = 5.0;
				TARGETED_DEVICE_FAMILY = "1,2";
				TEST_TARGET_NAME = Toast;
			};
			name = Release;
		};
/* End XCBuildConfiguration section */

/* Begin XCConfigurationList section */
		C7F00B21291D0BA50037CF1F /* Build configuration list for PBXProject "Toast" */ = {
			isa = XCConfigurationList;
			buildConfigurations = (
				C7F00B4E291D0BA60037CF1F /* Debug */,
				C7F00B4F291D0BA60037CF1F /* Release */,
			);
			defaultConfigurationIsVisible = 0;
			defaultConfigurationName = Release;
		};
		C7F00B50291D0BA60037CF1F /* Build configuration list for PBXNativeTarget "Toast" */ = {
			isa = XCConfigurationList;
			buildConfigurations = (
				C7F00B51291D0BA60037CF1F /* Debug */,
				C7F00B52291D0BA60037CF1F /* Release */,
			);
			defaultConfigurationIsVisible = 0;
			defaultConfigurationName = Release;
		};
		C7F00B53291D0BA60037CF1F /* Build configuration list for PBXNativeTarget "ToastTests" */ = {
			isa = XCConfigurationList;
			buildConfigurations = (
				C7F00B54291D0BA60037CF1F /* Debug */,
				C7F00B55291D0BA60037CF1F /* Release */,
			);
			defaultConfigurationIsVisible = 0;
			defaultConfigurationName = Release;
		};
		C7F00B56291D0BA60037CF1F /* Build configuration list for PBXNativeTarget "ToastUITests" */ = {
			isa = XCConfigurationList;
			buildConfigurations = (
				C7F00B57291D0BA60037CF1F /* Debug */,
				C7F00B58291D0BA60037CF1F /* Release */,
			);
			defaultConfigurationIsVisible = 0;
			defaultConfigurationName = Release;
		};
/* End XCConfigurationList section */

/* Begin XCSwiftPackageProductDependency section */
		C786AC7D291ED79800301285 /* Toaster */ = {
			isa = XCSwiftPackageProductDependency;
			productName = Toaster;
		};
/* End XCSwiftPackageProductDependency section */
	};
	rootObject = C7F00B1E291D0BA50037CF1F /* Project object */;
}
